// !$*UTF8*$!
{
	archiveVersion = 1;
	classes = {
	};
	objectVersion = 56;
	objects = {

/* Begin PBXBuildFile section */
		1F03D2832C0068D3001C1732 /* User.swift in Sources */ = {isa = PBXBuildFile; fileRef = 1F03D2822C0068D3001C1732 /* User.swift */; };
		1F03D2852C007539001C1732 /* FCollectionReference.swift in Sources */ = {isa = PBXBuildFile; fileRef = 1F03D2842C007539001C1732 /* FCollectionReference.swift */; };
		1F03D2872C0075E6001C1732 /* FirebaseUserListener.swift in Sources */ = {isa = PBXBuildFile; fileRef = 1F03D2862C0075E6001C1732 /* FirebaseUserListener.swift */; };
		1F03D28B2C0600E6001C1732 /* ProductViewModel.swift in Sources */ = {isa = PBXBuildFile; fileRef = 1F03D28A2C0600E6001C1732 /* ProductViewModel.swift */; };
		1F03D28D2C060105001C1732 /* ProductService.swift in Sources */ = {isa = PBXBuildFile; fileRef = 1F03D28C2C060105001C1732 /* ProductService.swift */; };
		1F03D28F2C060110001C1732 /* CompanyService.swift in Sources */ = {isa = PBXBuildFile; fileRef = 1F03D28E2C060110001C1732 /* CompanyService.swift */; };
		1F03D2922C070508001C1732 /* CompanyViewModel.swift in Sources */ = {isa = PBXBuildFile; fileRef = 1F03D2912C070508001C1732 /* CompanyViewModel.swift */; };
		1F03D2942C071F75001C1732 /* ApiResponse.swift in Sources */ = {isa = PBXBuildFile; fileRef = 1F03D2932C071F75001C1732 /* ApiResponse.swift */; };
		1F4A11832BFA3249004025AB /* AppDelegate.swift in Sources */ = {isa = PBXBuildFile; fileRef = 1F4A11822BFA3249004025AB /* AppDelegate.swift */; };
		1F4A11852BFA3249004025AB /* SceneDelegate.swift in Sources */ = {isa = PBXBuildFile; fileRef = 1F4A11842BFA3249004025AB /* SceneDelegate.swift */; };
		1F4A118C2BFA324A004025AB /* Assets.xcassets in Resources */ = {isa = PBXBuildFile; fileRef = 1F4A118B2BFA324A004025AB /* Assets.xcassets */; };
		1F4A118F2BFA324A004025AB /* Base in Resources */ = {isa = PBXBuildFile; fileRef = 1F4A118E2BFA324A004025AB /* Base */; };
		1F6DD35D2BFE2BDB00677D04 /* GoogleService-Info.plist in Resources */ = {isa = PBXBuildFile; fileRef = 1F6DD35C2BFE2BDB00677D04 /* GoogleService-Info.plist */; };
		1F91403A2BFBCD5B001E25BE /* LoginViewController.swift in Sources */ = {isa = PBXBuildFile; fileRef = 1F9140392BFBCD5B001E25BE /* LoginViewController.swift */; };
		1F91403C2BFBD10B001E25BE /* HomeTabBarController.swift in Sources */ = {isa = PBXBuildFile; fileRef = 1F91403B2BFBD10B001E25BE /* HomeTabBarController.swift */; };
		1F9140442BFBD224001E25BE /* Constants.swift in Sources */ = {isa = PBXBuildFile; fileRef = 1F9140432BFBD224001E25BE /* Constants.swift */; };
		1F9140462BFBD260001E25BE /* Product.swift in Sources */ = {isa = PBXBuildFile; fileRef = 1F9140452BFBD260001E25BE /* Product.swift */; };
		1F9140482BFBD269001E25BE /* Company.swift in Sources */ = {isa = PBXBuildFile; fileRef = 1F9140472BFBD269001E25BE /* Company.swift */; };
		1F91404A2BFBD272001E25BE /* Puchase.swift in Sources */ = {isa = PBXBuildFile; fileRef = 1F9140492BFBD272001E25BE /* Puchase.swift */; };
		1F91404C2BFBD278001E25BE /* Sale.swift in Sources */ = {isa = PBXBuildFile; fileRef = 1F91404B2BFBD278001E25BE /* Sale.swift */; };
		1F91404E2BFBD27D001E25BE /* Shop.swift in Sources */ = {isa = PBXBuildFile; fileRef = 1F91404D2BFBD27D001E25BE /* Shop.swift */; };
		1F9140502BFBD286001E25BE /* Province.swift in Sources */ = {isa = PBXBuildFile; fileRef = 1F91404F2BFBD286001E25BE /* Province.swift */; };
		1F9140522BFBD28C001E25BE /* District.swift in Sources */ = {isa = PBXBuildFile; fileRef = 1F9140512BFBD28C001E25BE /* District.swift */; };
		1F9140542BFBD393001E25BE /* ProductViewController.swift in Sources */ = {isa = PBXBuildFile; fileRef = 1F9140532BFBD393001E25BE /* ProductViewController.swift */; };
		1F9140562BFBD3B3001E25BE /* AddProductViewController.swift in Sources */ = {isa = PBXBuildFile; fileRef = 1F9140552BFBD3B3001E25BE /* AddProductViewController.swift */; };
		1F9140582BFBD3BD001E25BE /* UpdateProductViewController.swift in Sources */ = {isa = PBXBuildFile; fileRef = 1F9140572BFBD3BD001E25BE /* UpdateProductViewController.swift */; };
		1F91405B2BFBD3F5001E25BE /* CompanyViewController.swift in Sources */ = {isa = PBXBuildFile; fileRef = 1F91405A2BFBD3F5001E25BE /* CompanyViewController.swift */; };
		1F91405D2BFBD3FD001E25BE /* CompanyDetailViewController.swift in Sources */ = {isa = PBXBuildFile; fileRef = 1F91405C2BFBD3FD001E25BE /* CompanyDetailViewController.swift */; };
		1F9140602BFBD43E001E25BE /* AddCompanyInfoViewController.swift in Sources */ = {isa = PBXBuildFile; fileRef = 1F91405F2BFBD43E001E25BE /* AddCompanyInfoViewController.swift */; };
		1F9140622BFBD44C001E25BE /* AddCompanyAddressViewController.swift in Sources */ = {isa = PBXBuildFile; fileRef = 1F9140612BFBD44C001E25BE /* AddCompanyAddressViewController.swift */; };
		1F9140642BFBD45D001E25BE /* AddCompanyBankInfoViewController.swift in Sources */ = {isa = PBXBuildFile; fileRef = 1F9140632BFBD45D001E25BE /* AddCompanyBankInfoViewController.swift */; };
		1F9140672BFBD48B001E25BE /* UpdateCompanyInfoViewController.swift in Sources */ = {isa = PBXBuildFile; fileRef = 1F9140662BFBD48B001E25BE /* UpdateCompanyInfoViewController.swift */; };
		1F9140692BFBD49E001E25BE /* UpdateCompanyAddressViewController.swift in Sources */ = {isa = PBXBuildFile; fileRef = 1F9140682BFBD49E001E25BE /* UpdateCompanyAddressViewController.swift */; };
		1F91406B2BFBD4A7001E25BE /* UpdateCompanyBankInfoViewController.swift in Sources */ = {isa = PBXBuildFile; fileRef = 1F91406A2BFBD4A7001E25BE /* UpdateCompanyBankInfoViewController.swift */; };
		1F91406E2BFBD4CE001E25BE /* SettingsViewController.swift in Sources */ = {isa = PBXBuildFile; fileRef = 1F91406D2BFBD4CE001E25BE /* SettingsViewController.swift */; };
		1F9140702BFBD4D9001E25BE /* ShopViewController.swift in Sources */ = {isa = PBXBuildFile; fileRef = 1F91406F2BFBD4D9001E25BE /* ShopViewController.swift */; };
		1F9140722BFBD502001E25BE /* PurchaseTransactionsViewController.swift in Sources */ = {isa = PBXBuildFile; fileRef = 1F9140712BFBD502001E25BE /* PurchaseTransactionsViewController.swift */; };
		1F9140742BFBD51E001E25BE /* AddPurchaseTransactionsViewController.swift in Sources */ = {isa = PBXBuildFile; fileRef = 1F9140732BFBD51E001E25BE /* AddPurchaseTransactionsViewController.swift */; };
		1F9140762BFBD529001E25BE /* UpdatePurchaseTransactionsViewController.swift in Sources */ = {isa = PBXBuildFile; fileRef = 1F9140752BFBD529001E25BE /* UpdatePurchaseTransactionsViewController.swift */; };
		1F9140792BFBD550001E25BE /* SalesTransactionsViewController.swift in Sources */ = {isa = PBXBuildFile; fileRef = 1F9140782BFBD550001E25BE /* SalesTransactionsViewController.swift */; };
		1F91407B2BFBD557001E25BE /* AddSalesTransactionsViewController.swift in Sources */ = {isa = PBXBuildFile; fileRef = 1F91407A2BFBD557001E25BE /* AddSalesTransactionsViewController.swift */; };
		1F91407D2BFBD56E001E25BE /* UpdateSalesTransactionsViewController.swift in Sources */ = {isa = PBXBuildFile; fileRef = 1F91407C2BFBD56E001E25BE /* UpdateSalesTransactionsViewController.swift */; };
		1F9140802BFBD58B001E25BE /* SalesResultsViewController.swift in Sources */ = {isa = PBXBuildFile; fileRef = 1F91407F2BFBD58B001E25BE /* SalesResultsViewController.swift */; };
		1F9140822BFBD5C7001E25BE /* ProductTableViewCell.swift in Sources */ = {isa = PBXBuildFile; fileRef = 1F9140812BFBD5C7001E25BE /* ProductTableViewCell.swift */; };
		1F9140842BFBD5DB001E25BE /* CompanyTableViewCell.swift in Sources */ = {isa = PBXBuildFile; fileRef = 1F9140832BFBD5DB001E25BE /* CompanyTableViewCell.swift */; };
		1F9140872BFBD61D001E25BE /* PurchaseTableViewCell.swift in Sources */ = {isa = PBXBuildFile; fileRef = 1F9140862BFBD61D001E25BE /* PurchaseTableViewCell.swift */; };
		1F9140892BFBD627001E25BE /* SalesTableViewCell.swift in Sources */ = {isa = PBXBuildFile; fileRef = 1F9140882BFBD627001E25BE /* SalesTableViewCell.swift */; };
		29B4F03F8827A2885F45BA57 /* Pods_Bir_Esnaf_V2.framework in Frameworks */ = {isa = PBXBuildFile; fileRef = 55E30EC6204C3D063B664950 /* Pods_Bir_Esnaf_V2.framework */; };
/* End PBXBuildFile section */

/* Begin PBXFileReference section */
		1F03D2822C0068D3001C1732 /* User.swift */ = {isa = PBXFileReference; lastKnownFileType = sourcecode.swift; path = User.swift; sourceTree = "<group>"; };
		1F03D2842C007539001C1732 /* FCollectionReference.swift */ = {isa = PBXFileReference; lastKnownFileType = sourcecode.swift; path = FCollectionReference.swift; sourceTree = "<group>"; };
		1F03D2862C0075E6001C1732 /* FirebaseUserListener.swift */ = {isa = PBXFileReference; lastKnownFileType = sourcecode.swift; path = FirebaseUserListener.swift; sourceTree = "<group>"; };
		1F03D28A2C0600E6001C1732 /* ProductViewModel.swift */ = {isa = PBXFileReference; lastKnownFileType = sourcecode.swift; path = ProductViewModel.swift; sourceTree = "<group>"; };
		1F03D28C2C060105001C1732 /* ProductService.swift */ = {isa = PBXFileReference; lastKnownFileType = sourcecode.swift; path = ProductService.swift; sourceTree = "<group>"; };
		1F03D28E2C060110001C1732 /* CompanyService.swift */ = {isa = PBXFileReference; lastKnownFileType = sourcecode.swift; path = CompanyService.swift; sourceTree = "<group>"; };
		1F03D2912C070508001C1732 /* CompanyViewModel.swift */ = {isa = PBXFileReference; lastKnownFileType = sourcecode.swift; path = CompanyViewModel.swift; sourceTree = "<group>"; };
		1F03D2932C071F75001C1732 /* ApiResponse.swift */ = {isa = PBXFileReference; lastKnownFileType = sourcecode.swift; path = ApiResponse.swift; sourceTree = "<group>"; };
		1F4A117F2BFA3249004025AB /* Bir Esnaf V2.app */ = {isa = PBXFileReference; explicitFileType = wrapper.application; includeInIndex = 0; path = "Bir Esnaf V2.app"; sourceTree = BUILT_PRODUCTS_DIR; };
		1F4A11822BFA3249004025AB /* AppDelegate.swift */ = {isa = PBXFileReference; lastKnownFileType = sourcecode.swift; path = AppDelegate.swift; sourceTree = "<group>"; };
		1F4A11842BFA3249004025AB /* SceneDelegate.swift */ = {isa = PBXFileReference; lastKnownFileType = sourcecode.swift; path = SceneDelegate.swift; sourceTree = "<group>"; };
		1F4A118B2BFA324A004025AB /* Assets.xcassets */ = {isa = PBXFileReference; lastKnownFileType = folder.assetcatalog; path = Assets.xcassets; sourceTree = "<group>"; };
		1F4A118E2BFA324A004025AB /* Base */ = {isa = PBXFileReference; lastKnownFileType = file.storyboard; name = Base; path = Base.lproj/LaunchScreen.storyboard; sourceTree = "<group>"; };
		1F4A11902BFA324A004025AB /* Info.plist */ = {isa = PBXFileReference; lastKnownFileType = text.plist.xml; path = Info.plist; sourceTree = "<group>"; };
		1F6DD35C2BFE2BDB00677D04 /* GoogleService-Info.plist */ = {isa = PBXFileReference; fileEncoding = 4; lastKnownFileType = text.plist.xml; path = "GoogleService-Info.plist"; sourceTree = "<group>"; };
		1F9140392BFBCD5B001E25BE /* LoginViewController.swift */ = {isa = PBXFileReference; lastKnownFileType = sourcecode.swift; path = LoginViewController.swift; sourceTree = "<group>"; };
		1F91403B2BFBD10B001E25BE /* HomeTabBarController.swift */ = {isa = PBXFileReference; lastKnownFileType = sourcecode.swift; path = HomeTabBarController.swift; sourceTree = "<group>"; };
		1F9140432BFBD224001E25BE /* Constants.swift */ = {isa = PBXFileReference; lastKnownFileType = sourcecode.swift; path = Constants.swift; sourceTree = "<group>"; };
		1F9140452BFBD260001E25BE /* Product.swift */ = {isa = PBXFileReference; lastKnownFileType = sourcecode.swift; path = Product.swift; sourceTree = "<group>"; };
		1F9140472BFBD269001E25BE /* Company.swift */ = {isa = PBXFileReference; lastKnownFileType = sourcecode.swift; path = Company.swift; sourceTree = "<group>"; };
		1F9140492BFBD272001E25BE /* Puchase.swift */ = {isa = PBXFileReference; lastKnownFileType = sourcecode.swift; path = Puchase.swift; sourceTree = "<group>"; };
		1F91404B2BFBD278001E25BE /* Sale.swift */ = {isa = PBXFileReference; lastKnownFileType = sourcecode.swift; path = Sale.swift; sourceTree = "<group>"; };
		1F91404D2BFBD27D001E25BE /* Shop.swift */ = {isa = PBXFileReference; lastKnownFileType = sourcecode.swift; path = Shop.swift; sourceTree = "<group>"; };
		1F91404F2BFBD286001E25BE /* Province.swift */ = {isa = PBXFileReference; lastKnownFileType = sourcecode.swift; path = Province.swift; sourceTree = "<group>"; };
		1F9140512BFBD28C001E25BE /* District.swift */ = {isa = PBXFileReference; lastKnownFileType = sourcecode.swift; path = District.swift; sourceTree = "<group>"; };
		1F9140532BFBD393001E25BE /* ProductViewController.swift */ = {isa = PBXFileReference; lastKnownFileType = sourcecode.swift; path = ProductViewController.swift; sourceTree = "<group>"; };
		1F9140552BFBD3B3001E25BE /* AddProductViewController.swift */ = {isa = PBXFileReference; lastKnownFileType = sourcecode.swift; path = AddProductViewController.swift; sourceTree = "<group>"; };
		1F9140572BFBD3BD001E25BE /* UpdateProductViewController.swift */ = {isa = PBXFileReference; lastKnownFileType = sourcecode.swift; path = UpdateProductViewController.swift; sourceTree = "<group>"; };
		1F91405A2BFBD3F5001E25BE /* CompanyViewController.swift */ = {isa = PBXFileReference; lastKnownFileType = sourcecode.swift; path = CompanyViewController.swift; sourceTree = "<group>"; };
		1F91405C2BFBD3FD001E25BE /* CompanyDetailViewController.swift */ = {isa = PBXFileReference; lastKnownFileType = sourcecode.swift; path = CompanyDetailViewController.swift; sourceTree = "<group>"; };
		1F91405F2BFBD43E001E25BE /* AddCompanyInfoViewController.swift */ = {isa = PBXFileReference; lastKnownFileType = sourcecode.swift; path = AddCompanyInfoViewController.swift; sourceTree = "<group>"; };
		1F9140612BFBD44C001E25BE /* AddCompanyAddressViewController.swift */ = {isa = PBXFileReference; lastKnownFileType = sourcecode.swift; path = AddCompanyAddressViewController.swift; sourceTree = "<group>"; };
		1F9140632BFBD45D001E25BE /* AddCompanyBankInfoViewController.swift */ = {isa = PBXFileReference; lastKnownFileType = sourcecode.swift; path = AddCompanyBankInfoViewController.swift; sourceTree = "<group>"; };
		1F9140662BFBD48B001E25BE /* UpdateCompanyInfoViewController.swift */ = {isa = PBXFileReference; lastKnownFileType = sourcecode.swift; path = UpdateCompanyInfoViewController.swift; sourceTree = "<group>"; };
		1F9140682BFBD49E001E25BE /* UpdateCompanyAddressViewController.swift */ = {isa = PBXFileReference; lastKnownFileType = sourcecode.swift; path = UpdateCompanyAddressViewController.swift; sourceTree = "<group>"; };
		1F91406A2BFBD4A7001E25BE /* UpdateCompanyBankInfoViewController.swift */ = {isa = PBXFileReference; lastKnownFileType = sourcecode.swift; path = UpdateCompanyBankInfoViewController.swift; sourceTree = "<group>"; };
		1F91406D2BFBD4CE001E25BE /* SettingsViewController.swift */ = {isa = PBXFileReference; lastKnownFileType = sourcecode.swift; path = SettingsViewController.swift; sourceTree = "<group>"; };
		1F91406F2BFBD4D9001E25BE /* ShopViewController.swift */ = {isa = PBXFileReference; lastKnownFileType = sourcecode.swift; path = ShopViewController.swift; sourceTree = "<group>"; };
		1F9140712BFBD502001E25BE /* PurchaseTransactionsViewController.swift */ = {isa = PBXFileReference; lastKnownFileType = sourcecode.swift; path = PurchaseTransactionsViewController.swift; sourceTree = "<group>"; };
		1F9140732BFBD51E001E25BE /* AddPurchaseTransactionsViewController.swift */ = {isa = PBXFileReference; lastKnownFileType = sourcecode.swift; path = AddPurchaseTransactionsViewController.swift; sourceTree = "<group>"; };
		1F9140752BFBD529001E25BE /* UpdatePurchaseTransactionsViewController.swift */ = {isa = PBXFileReference; lastKnownFileType = sourcecode.swift; path = UpdatePurchaseTransactionsViewController.swift; sourceTree = "<group>"; };
		1F9140782BFBD550001E25BE /* SalesTransactionsViewController.swift */ = {isa = PBXFileReference; lastKnownFileType = sourcecode.swift; path = SalesTransactionsViewController.swift; sourceTree = "<group>"; };
		1F91407A2BFBD557001E25BE /* AddSalesTransactionsViewController.swift */ = {isa = PBXFileReference; lastKnownFileType = sourcecode.swift; path = AddSalesTransactionsViewController.swift; sourceTree = "<group>"; };
		1F91407C2BFBD56E001E25BE /* UpdateSalesTransactionsViewController.swift */ = {isa = PBXFileReference; lastKnownFileType = sourcecode.swift; path = UpdateSalesTransactionsViewController.swift; sourceTree = "<group>"; };
		1F91407F2BFBD58B001E25BE /* SalesResultsViewController.swift */ = {isa = PBXFileReference; lastKnownFileType = sourcecode.swift; path = SalesResultsViewController.swift; sourceTree = "<group>"; };
		1F9140812BFBD5C7001E25BE /* ProductTableViewCell.swift */ = {isa = PBXFileReference; lastKnownFileType = sourcecode.swift; path = ProductTableViewCell.swift; sourceTree = "<group>"; };
		1F9140832BFBD5DB001E25BE /* CompanyTableViewCell.swift */ = {isa = PBXFileReference; lastKnownFileType = sourcecode.swift; path = CompanyTableViewCell.swift; sourceTree = "<group>"; };
		1F9140862BFBD61D001E25BE /* PurchaseTableViewCell.swift */ = {isa = PBXFileReference; lastKnownFileType = sourcecode.swift; path = PurchaseTableViewCell.swift; sourceTree = "<group>"; };
		1F9140882BFBD627001E25BE /* SalesTableViewCell.swift */ = {isa = PBXFileReference; lastKnownFileType = sourcecode.swift; path = SalesTableViewCell.swift; sourceTree = "<group>"; };
		55E30EC6204C3D063B664950 /* Pods_Bir_Esnaf_V2.framework */ = {isa = PBXFileReference; explicitFileType = wrapper.framework; includeInIndex = 0; path = Pods_Bir_Esnaf_V2.framework; sourceTree = BUILT_PRODUCTS_DIR; };
		8ABD50003077D3525D790C63 /* Pods-Bir Esnaf V2.release.xcconfig */ = {isa = PBXFileReference; includeInIndex = 1; lastKnownFileType = text.xcconfig; name = "Pods-Bir Esnaf V2.release.xcconfig"; path = "Target Support Files/Pods-Bir Esnaf V2/Pods-Bir Esnaf V2.release.xcconfig"; sourceTree = "<group>"; };
		C5955BEC1910F62DD5A9AF2A /* Pods-Bir Esnaf V2.debug.xcconfig */ = {isa = PBXFileReference; includeInIndex = 1; lastKnownFileType = text.xcconfig; name = "Pods-Bir Esnaf V2.debug.xcconfig"; path = "Target Support Files/Pods-Bir Esnaf V2/Pods-Bir Esnaf V2.debug.xcconfig"; sourceTree = "<group>"; };
/* End PBXFileReference section */

/* Begin PBXFrameworksBuildPhase section */
		1F4A117C2BFA3249004025AB /* Frameworks */ = {
			isa = PBXFrameworksBuildPhase;
			buildActionMask = 2147483647;
			files = (
				29B4F03F8827A2885F45BA57 /* Pods_Bir_Esnaf_V2.framework in Frameworks */,
			);
			runOnlyForDeploymentPostprocessing = 0;
		};
/* End PBXFrameworksBuildPhase section */

/* Begin PBXGroup section */
		1F03D2882C00760A001C1732 /* FirebaseHelpers */ = {
			isa = PBXGroup;
			children = (
				1F03D2842C007539001C1732 /* FCollectionReference.swift */,
				1F03D2862C0075E6001C1732 /* FirebaseUserListener.swift */,
			);
			path = FirebaseHelpers;
			sourceTree = "<group>";
		};
		1F03D2892C04C891001C1732 /* ModelView */ = {
			isa = PBXGroup;
			children = (
				1F03D28A2C0600E6001C1732 /* ProductViewModel.swift */,
				1F03D2912C070508001C1732 /* CompanyViewModel.swift */,
			);
			path = ModelView;
			sourceTree = "<group>";
		};
		1F03D2902C060118001C1732 /* Network */ = {
			isa = PBXGroup;
			children = (
				1F03D28C2C060105001C1732 /* ProductService.swift */,
				1F03D28E2C060110001C1732 /* CompanyService.swift */,
			);
			path = Network;
			sourceTree = "<group>";
		};
		1F4A11762BFA3249004025AB = {
			isa = PBXGroup;
			children = (
				1F4A11812BFA3249004025AB /* Bir Esnaf V2 */,
				1F4A11802BFA3249004025AB /* Products */,
				78048BF098FBD1BAAC51A60A /* Pods */,
				7E8CAFB1353C568FB6184B35 /* Frameworks */,
			);
			sourceTree = "<group>";
		};
		1F4A11802BFA3249004025AB /* Products */ = {
			isa = PBXGroup;
			children = (
				1F4A117F2BFA3249004025AB /* Bir Esnaf V2.app */,
			);
			name = Products;
			sourceTree = "<group>";
		};
		1F4A11812BFA3249004025AB /* Bir Esnaf V2 */ = {
			isa = PBXGroup;
			children = (
				1F91403E2BFBD1A9001E25BE /* Features */,
				1F91403D2BFBD176001E25BE /* Core */,
				1F91403F2BFBD1CE001E25BE /* Service */,
				1F4A118D2BFA324A004025AB /* LaunchScreen.storyboard */,
				1F6DD35C2BFE2BDB00677D04 /* GoogleService-Info.plist */,
				1F4A11902BFA324A004025AB /* Info.plist */,
				1F4A118B2BFA324A004025AB /* Assets.xcassets */,
			);
			path = "Bir Esnaf V2";
			sourceTree = "<group>";
		};
		1F91403D2BFBD176001E25BE /* Core */ = {
			isa = PBXGroup;
			children = (
				1F4A11822BFA3249004025AB /* AppDelegate.swift */,
				1F4A11842BFA3249004025AB /* SceneDelegate.swift */,
				1F9140432BFBD224001E25BE /* Constants.swift */,
			);
			path = Core;
			sourceTree = "<group>";
		};
		1F91403E2BFBD1A9001E25BE /* Features */ = {
			isa = PBXGroup;
			children = (
				1F03D2892C04C891001C1732 /* ModelView */,
				1F9140422BFBD1EF001E25BE /* View */,
				1F9140402BFBD1D9001E25BE /* Model */,
			);
			path = Features;
			sourceTree = "<group>";
		};
		1F91403F2BFBD1CE001E25BE /* Service */ = {
			isa = PBXGroup;
			children = (
				1F03D2882C00760A001C1732 /* FirebaseHelpers */,
				1F03D2902C060118001C1732 /* Network */,
			);
			path = Service;
			sourceTree = "<group>";
		};
		1F9140402BFBD1D9001E25BE /* Model */ = {
			isa = PBXGroup;
			children = (
				1F9140452BFBD260001E25BE /* Product.swift */,
				1F9140472BFBD269001E25BE /* Company.swift */,
				1F9140492BFBD272001E25BE /* Puchase.swift */,
				1F91404B2BFBD278001E25BE /* Sale.swift */,
				1F91404D2BFBD27D001E25BE /* Shop.swift */,
				1F91404F2BFBD286001E25BE /* Province.swift */,
				1F9140512BFBD28C001E25BE /* District.swift */,
				1F03D2822C0068D3001C1732 /* User.swift */,
				1F03D2932C071F75001C1732 /* ApiResponse.swift */,
			);
			path = Model;
			sourceTree = "<group>";
		};
		1F9140422BFBD1EF001E25BE /* View */ = {
			isa = PBXGroup;
			children = (
				1F9140392BFBCD5B001E25BE /* LoginViewController.swift */,
				1F91403B2BFBD10B001E25BE /* HomeTabBarController.swift */,
				1F91408A2BFBD645001E25BE /* TabBarItem */,
			);
			path = View;
			sourceTree = "<group>";
		};
		1F9140592BFBD3C9001E25BE /* Product */ = {
			isa = PBXGroup;
			children = (
				1F9140532BFBD393001E25BE /* ProductViewController.swift */,
				1F9140552BFBD3B3001E25BE /* AddProductViewController.swift */,
				1F9140572BFBD3BD001E25BE /* UpdateProductViewController.swift */,
				1F9140812BFBD5C7001E25BE /* ProductTableViewCell.swift */,
			);
			path = Product;
			sourceTree = "<group>";
		};
		1F91405E2BFBD415001E25BE /* Company */ = {
			isa = PBXGroup;
			children = (
				1F91405A2BFBD3F5001E25BE /* CompanyViewController.swift */,
				1F91405C2BFBD3FD001E25BE /* CompanyDetailViewController.swift */,
				1F9140832BFBD5DB001E25BE /* CompanyTableViewCell.swift */,
				1F91406C2BFBD4AF001E25BE /* UpdateCompany */,
				1F9140652BFBD464001E25BE /* AddCompany */,
			);
			path = Company;
			sourceTree = "<group>";
		};
		1F9140652BFBD464001E25BE /* AddCompany */ = {
			isa = PBXGroup;
			children = (
				1F91405F2BFBD43E001E25BE /* AddCompanyInfoViewController.swift */,
				1F9140612BFBD44C001E25BE /* AddCompanyAddressViewController.swift */,
				1F9140632BFBD45D001E25BE /* AddCompanyBankInfoViewController.swift */,
			);
			path = AddCompany;
			sourceTree = "<group>";
		};
		1F91406C2BFBD4AF001E25BE /* UpdateCompany */ = {
			isa = PBXGroup;
			children = (
				1F9140662BFBD48B001E25BE /* UpdateCompanyInfoViewController.swift */,
				1F9140682BFBD49E001E25BE /* UpdateCompanyAddressViewController.swift */,
				1F91406A2BFBD4A7001E25BE /* UpdateCompanyBankInfoViewController.swift */,
			);
			path = UpdateCompany;
			sourceTree = "<group>";
		};
		1F9140772BFBD531001E25BE /* Purchase */ = {
			isa = PBXGroup;
			children = (
				1F9140712BFBD502001E25BE /* PurchaseTransactionsViewController.swift */,
				1F9140732BFBD51E001E25BE /* AddPurchaseTransactionsViewController.swift */,
				1F9140752BFBD529001E25BE /* UpdatePurchaseTransactionsViewController.swift */,
				1F9140862BFBD61D001E25BE /* PurchaseTableViewCell.swift */,
			);
			path = Purchase;
			sourceTree = "<group>";
		};
		1F91407E2BFBD575001E25BE /* Sales */ = {
			isa = PBXGroup;
			children = (
				1F9140782BFBD550001E25BE /* SalesTransactionsViewController.swift */,
				1F91407A2BFBD557001E25BE /* AddSalesTransactionsViewController.swift */,
				1F91407C2BFBD56E001E25BE /* UpdateSalesTransactionsViewController.swift */,
				1F9140882BFBD627001E25BE /* SalesTableViewCell.swift */,
			);
			path = Sales;
			sourceTree = "<group>";
		};
		1F9140852BFBD600001E25BE /* Shop */ = {
			isa = PBXGroup;
			children = (
				1F91407F2BFBD58B001E25BE /* SalesResultsViewController.swift */,
				1F91406F2BFBD4D9001E25BE /* ShopViewController.swift */,
				1F91407E2BFBD575001E25BE /* Sales */,
				1F9140772BFBD531001E25BE /* Purchase */,
			);
			path = Shop;
			sourceTree = "<group>";
		};
		1F91408A2BFBD645001E25BE /* TabBarItem */ = {
			isa = PBXGroup;
			children = (
				1F91406D2BFBD4CE001E25BE /* SettingsViewController.swift */,
				1F91405E2BFBD415001E25BE /* Company */,
				1F9140592BFBD3C9001E25BE /* Product */,
				1F9140852BFBD600001E25BE /* Shop */,
			);
			path = TabBarItem;
			sourceTree = "<group>";
		};
		78048BF098FBD1BAAC51A60A /* Pods */ = {
			isa = PBXGroup;
			children = (
				C5955BEC1910F62DD5A9AF2A /* Pods-Bir Esnaf V2.debug.xcconfig */,
				8ABD50003077D3525D790C63 /* Pods-Bir Esnaf V2.release.xcconfig */,
			);
			path = Pods;
			sourceTree = "<group>";
		};
		7E8CAFB1353C568FB6184B35 /* Frameworks */ = {
			isa = PBXGroup;
			children = (
				55E30EC6204C3D063B664950 /* Pods_Bir_Esnaf_V2.framework */,
			);
			name = Frameworks;
			sourceTree = "<group>";
		};
/* End PBXGroup section */

/* Begin PBXNativeTarget section */
		1F4A117E2BFA3249004025AB /* Bir Esnaf V2 */ = {
			isa = PBXNativeTarget;
			buildConfigurationList = 1F4A11932BFA324A004025AB /* Build configuration list for PBXNativeTarget "Bir Esnaf V2" */;
			buildPhases = (
				490ACE9ECF5FB35EC0583BE2 /* [CP] Check Pods Manifest.lock */,
				1F4A117B2BFA3249004025AB /* Sources */,
				1F4A117C2BFA3249004025AB /* Frameworks */,
				1F4A117D2BFA3249004025AB /* Resources */,
				30133E3EAE28072BD48C89BE /* [CP] Embed Pods Frameworks */,
			);
			buildRules = (
			);
			dependencies = (
			);
			name = "Bir Esnaf V2";
			productName = "Bir Esnaf V2";
			productReference = 1F4A117F2BFA3249004025AB /* Bir Esnaf V2.app */;
			productType = "com.apple.product-type.application";
		};
/* End PBXNativeTarget section */

/* Begin PBXProject section */
		1F4A11772BFA3249004025AB /* Project object */ = {
			isa = PBXProject;
			attributes = {
				BuildIndependentTargetsInParallel = 1;
				LastSwiftUpdateCheck = 1530;
				LastUpgradeCheck = 1530;
				TargetAttributes = {
					1F4A117E2BFA3249004025AB = {
						CreatedOnToolsVersion = 15.3;
					};
				};
			};
			buildConfigurationList = 1F4A117A2BFA3249004025AB /* Build configuration list for PBXProject "Bir Esnaf V2" */;
			compatibilityVersion = "Xcode 14.0";
			developmentRegion = en;
			hasScannedForEncodings = 0;
			knownRegions = (
				en,
				Base,
			);
			mainGroup = 1F4A11762BFA3249004025AB;
			productRefGroup = 1F4A11802BFA3249004025AB /* Products */;
			projectDirPath = "";
			projectRoot = "";
			targets = (
				1F4A117E2BFA3249004025AB /* Bir Esnaf V2 */,
			);
		};
/* End PBXProject section */

/* Begin PBXResourcesBuildPhase section */
		1F4A117D2BFA3249004025AB /* Resources */ = {
			isa = PBXResourcesBuildPhase;
			buildActionMask = 2147483647;
			files = (
				1F4A118C2BFA324A004025AB /* Assets.xcassets in Resources */,
				1F4A118F2BFA324A004025AB /* Base in Resources */,
				1F6DD35D2BFE2BDB00677D04 /* GoogleService-Info.plist in Resources */,
			);
			runOnlyForDeploymentPostprocessing = 0;
		};
/* End PBXResourcesBuildPhase section */

/* Begin PBXShellScriptBuildPhase section */
		30133E3EAE28072BD48C89BE /* [CP] Embed Pods Frameworks */ = {
			isa = PBXShellScriptBuildPhase;
			buildActionMask = 2147483647;
			files = (
			);
			inputFileListPaths = (
				"${PODS_ROOT}/Target Support Files/Pods-Bir Esnaf V2/Pods-Bir Esnaf V2-frameworks-${CONFIGURATION}-input-files.xcfilelist",
			);
			name = "[CP] Embed Pods Frameworks";
			outputFileListPaths = (
				"${PODS_ROOT}/Target Support Files/Pods-Bir Esnaf V2/Pods-Bir Esnaf V2-frameworks-${CONFIGURATION}-output-files.xcfilelist",
			);
			runOnlyForDeploymentPostprocessing = 0;
			shellPath = /bin/sh;
			shellScript = "\"${PODS_ROOT}/Target Support Files/Pods-Bir Esnaf V2/Pods-Bir Esnaf V2-frameworks.sh\"\n";
			showEnvVarsInLog = 0;
		};
		490ACE9ECF5FB35EC0583BE2 /* [CP] Check Pods Manifest.lock */ = {
			isa = PBXShellScriptBuildPhase;
			buildActionMask = 2147483647;
			files = (
			);
			inputFileListPaths = (
			);
			inputPaths = (
				"${PODS_PODFILE_DIR_PATH}/Podfile.lock",
				"${PODS_ROOT}/Manifest.lock",
			);
			name = "[CP] Check Pods Manifest.lock";
			outputFileListPaths = (
			);
			outputPaths = (
				"$(DERIVED_FILE_DIR)/Pods-Bir Esnaf V2-checkManifestLockResult.txt",
			);
			runOnlyForDeploymentPostprocessing = 0;
			shellPath = /bin/sh;
			shellScript = "diff \"${PODS_PODFILE_DIR_PATH}/Podfile.lock\" \"${PODS_ROOT}/Manifest.lock\" > /dev/null\nif [ $? != 0 ] ; then\n    # print error to STDERR\n    echo \"error: The sandbox is not in sync with the Podfile.lock. Run 'pod install' or update your CocoaPods installation.\" >&2\n    exit 1\nfi\n# This output is used by Xcode 'outputs' to avoid re-running this script phase.\necho \"SUCCESS\" > \"${SCRIPT_OUTPUT_FILE_0}\"\n";
			showEnvVarsInLog = 0;
		};
/* End PBXShellScriptBuildPhase section */

/* Begin PBXSourcesBuildPhase section */
		1F4A117B2BFA3249004025AB /* Sources */ = {
			isa = PBXSourcesBuildPhase;
			buildActionMask = 2147483647;
			files = (
				1F9140722BFBD502001E25BE /* PurchaseTransactionsViewController.swift in Sources */,
				1F9140692BFBD49E001E25BE /* UpdateCompanyAddressViewController.swift in Sources */,
				1F91405D2BFBD3FD001E25BE /* CompanyDetailViewController.swift in Sources */,
				1F9140622BFBD44C001E25BE /* AddCompanyAddressViewController.swift in Sources */,
				1F9140542BFBD393001E25BE /* ProductViewController.swift in Sources */,
				1F9140442BFBD224001E25BE /* Constants.swift in Sources */,
				1F91406B2BFBD4A7001E25BE /* UpdateCompanyBankInfoViewController.swift in Sources */,
				1F91404C2BFBD278001E25BE /* Sale.swift in Sources */,
				1F9140802BFBD58B001E25BE /* SalesResultsViewController.swift in Sources */,
				1F91407B2BFBD557001E25BE /* AddSalesTransactionsViewController.swift in Sources */,
				1F9140892BFBD627001E25BE /* SalesTableViewCell.swift in Sources */,
				1F9140702BFBD4D9001E25BE /* ShopViewController.swift in Sources */,
				1F03D2872C0075E6001C1732 /* FirebaseUserListener.swift in Sources */,
				1F9140672BFBD48B001E25BE /* UpdateCompanyInfoViewController.swift in Sources */,
				1F03D28D2C060105001C1732 /* ProductService.swift in Sources */,
				1F03D28B2C0600E6001C1732 /* ProductViewModel.swift in Sources */,
				1F91404A2BFBD272001E25BE /* Puchase.swift in Sources */,
				1F9140842BFBD5DB001E25BE /* CompanyTableViewCell.swift in Sources */,
				1F91404E2BFBD27D001E25BE /* Shop.swift in Sources */,
				1F9140602BFBD43E001E25BE /* AddCompanyInfoViewController.swift in Sources */,
				1F9140502BFBD286001E25BE /* Province.swift in Sources */,
				1F9140582BFBD3BD001E25BE /* UpdateProductViewController.swift in Sources */,
				1F9140762BFBD529001E25BE /* UpdatePurchaseTransactionsViewController.swift in Sources */,
				1F03D2922C070508001C1732 /* CompanyViewModel.swift in Sources */,
				1F9140872BFBD61D001E25BE /* PurchaseTableViewCell.swift in Sources */,
				1F91403C2BFBD10B001E25BE /* HomeTabBarController.swift in Sources */,
				1F4A11832BFA3249004025AB /* AppDelegate.swift in Sources */,
				1F03D2832C0068D3001C1732 /* User.swift in Sources */,
				1F9140642BFBD45D001E25BE /* AddCompanyBankInfoViewController.swift in Sources */,
				1F9140562BFBD3B3001E25BE /* AddProductViewController.swift in Sources */,
				1F91407D2BFBD56E001E25BE /* UpdateSalesTransactionsViewController.swift in Sources */,
				1F9140522BFBD28C001E25BE /* District.swift in Sources */,
				1F03D28F2C060110001C1732 /* CompanyService.swift in Sources */,
				1F03D2942C071F75001C1732 /* ApiResponse.swift in Sources */,
				1F91403A2BFBCD5B001E25BE /* LoginViewController.swift in Sources */,
				1F91405B2BFBD3F5001E25BE /* CompanyViewController.swift in Sources */,
				1F9140792BFBD550001E25BE /* SalesTransactionsViewController.swift in Sources */,
				1F9140742BFBD51E001E25BE /* AddPurchaseTransactionsViewController.swift in Sources */,
				1F9140482BFBD269001E25BE /* Company.swift in Sources */,
				1F9140822BFBD5C7001E25BE /* ProductTableViewCell.swift in Sources */,
				1F03D2852C007539001C1732 /* FCollectionReference.swift in Sources */,
				1F4A11852BFA3249004025AB /* SceneDelegate.swift in Sources */,
				1F9140462BFBD260001E25BE /* Product.swift in Sources */,
				1F91406E2BFBD4CE001E25BE /* SettingsViewController.swift in Sources */,
			);
			runOnlyForDeploymentPostprocessing = 0;
		};
/* End PBXSourcesBuildPhase section */

/* Begin PBXVariantGroup section */
		1F4A118D2BFA324A004025AB /* LaunchScreen.storyboard */ = {
			isa = PBXVariantGroup;
			children = (
				1F4A118E2BFA324A004025AB /* Base */,
			);
			name = LaunchScreen.storyboard;
			sourceTree = "<group>";
		};
/* End PBXVariantGroup section */

/* Begin XCBuildConfiguration section */
		1F4A11912BFA324A004025AB /* Debug */ = {
			isa = XCBuildConfiguration;
			buildSettings = {
				ALWAYS_SEARCH_USER_PATHS = NO;
				ASSETCATALOG_COMPILER_GENERATE_SWIFT_ASSET_SYMBOL_EXTENSIONS = YES;
				CLANG_ANALYZER_NONNULL = YES;
				CLANG_ANALYZER_NUMBER_OBJECT_CONVERSION = YES_AGGRESSIVE;
				CLANG_CXX_LANGUAGE_STANDARD = "gnu++20";
				CLANG_ENABLE_MODULES = YES;
				CLANG_ENABLE_OBJC_ARC = YES;
				CLANG_ENABLE_OBJC_WEAK = YES;
				CLANG_WARN_BLOCK_CAPTURE_AUTORELEASING = YES;
				CLANG_WARN_BOOL_CONVERSION = YES;
				CLANG_WARN_COMMA = YES;
				CLANG_WARN_CONSTANT_CONVERSION = YES;
				CLANG_WARN_DEPRECATED_OBJC_IMPLEMENTATIONS = YES;
				CLANG_WARN_DIRECT_OBJC_ISA_USAGE = YES_ERROR;
				CLANG_WARN_DOCUMENTATION_COMMENTS = YES;
				CLANG_WARN_EMPTY_BODY = YES;
				CLANG_WARN_ENUM_CONVERSION = YES;
				CLANG_WARN_INFINITE_RECURSION = YES;
				CLANG_WARN_INT_CONVERSION = YES;
				CLANG_WARN_NON_LITERAL_NULL_CONVERSION = YES;
				CLANG_WARN_OBJC_IMPLICIT_RETAIN_SELF = YES;
				CLANG_WARN_OBJC_LITERAL_CONVERSION = YES;
				CLANG_WARN_OBJC_ROOT_CLASS = YES_ERROR;
				CLANG_WARN_QUOTED_INCLUDE_IN_FRAMEWORK_HEADER = YES;
				CLANG_WARN_RANGE_LOOP_ANALYSIS = YES;
				CLANG_WARN_STRICT_PROTOTYPES = YES;
				CLANG_WARN_SUSPICIOUS_MOVE = YES;
				CLANG_WARN_UNGUARDED_AVAILABILITY = YES_AGGRESSIVE;
				CLANG_WARN_UNREACHABLE_CODE = YES;
				CLANG_WARN__DUPLICATE_METHOD_MATCH = YES;
				COPY_PHASE_STRIP = NO;
				DEBUG_INFORMATION_FORMAT = dwarf;
				ENABLE_STRICT_OBJC_MSGSEND = YES;
				ENABLE_TESTABILITY = YES;
				ENABLE_USER_SCRIPT_SANDBOXING = NO;
				GCC_C_LANGUAGE_STANDARD = gnu17;
				GCC_DYNAMIC_NO_PIC = NO;
				GCC_NO_COMMON_BLOCKS = YES;
				GCC_OPTIMIZATION_LEVEL = 0;
				GCC_PREPROCESSOR_DEFINITIONS = (
					"DEBUG=1",
					"$(inherited)",
				);
				GCC_WARN_64_TO_32_BIT_CONVERSION = YES;
				GCC_WARN_ABOUT_RETURN_TYPE = YES_ERROR;
				GCC_WARN_UNDECLARED_SELECTOR = YES;
				GCC_WARN_UNINITIALIZED_AUTOS = YES_AGGRESSIVE;
				GCC_WARN_UNUSED_FUNCTION = YES;
				GCC_WARN_UNUSED_VARIABLE = YES;
				IPHONEOS_DEPLOYMENT_TARGET = 17.4;
				LOCALIZATION_PREFERS_STRING_CATALOGS = YES;
				MTL_ENABLE_DEBUG_INFO = INCLUDE_SOURCE;
				MTL_FAST_MATH = YES;
				ONLY_ACTIVE_ARCH = YES;
				SDKROOT = iphoneos;
				SWIFT_ACTIVE_COMPILATION_CONDITIONS = "DEBUG $(inherited)";
				SWIFT_OPTIMIZATION_LEVEL = "-Onone";
			};
			name = Debug;
		};
		1F4A11922BFA324A004025AB /* Release */ = {
			isa = XCBuildConfiguration;
			buildSettings = {
				ALWAYS_SEARCH_USER_PATHS = NO;
				ASSETCATALOG_COMPILER_GENERATE_SWIFT_ASSET_SYMBOL_EXTENSIONS = YES;
				CLANG_ANALYZER_NONNULL = YES;
				CLANG_ANALYZER_NUMBER_OBJECT_CONVERSION = YES_AGGRESSIVE;
				CLANG_CXX_LANGUAGE_STANDARD = "gnu++20";
				CLANG_ENABLE_MODULES = YES;
				CLANG_ENABLE_OBJC_ARC = YES;
				CLANG_ENABLE_OBJC_WEAK = YES;
				CLANG_WARN_BLOCK_CAPTURE_AUTORELEASING = YES;
				CLANG_WARN_BOOL_CONVERSION = YES;
				CLANG_WARN_COMMA = YES;
				CLANG_WARN_CONSTANT_CONVERSION = YES;
				CLANG_WARN_DEPRECATED_OBJC_IMPLEMENTATIONS = YES;
				CLANG_WARN_DIRECT_OBJC_ISA_USAGE = YES_ERROR;
				CLANG_WARN_DOCUMENTATION_COMMENTS = YES;
				CLANG_WARN_EMPTY_BODY = YES;
				CLANG_WARN_ENUM_CONVERSION = YES;
				CLANG_WARN_INFINITE_RECURSION = YES;
				CLANG_WARN_INT_CONVERSION = YES;
				CLANG_WARN_NON_LITERAL_NULL_CONVERSION = YES;
				CLANG_WARN_OBJC_IMPLICIT_RETAIN_SELF = YES;
				CLANG_WARN_OBJC_LITERAL_CONVERSION = YES;
				CLANG_WARN_OBJC_ROOT_CLASS = YES_ERROR;
				CLANG_WARN_QUOTED_INCLUDE_IN_FRAMEWORK_HEADER = YES;
				CLANG_WARN_RANGE_LOOP_ANALYSIS = YES;
				CLANG_WARN_STRICT_PROTOTYPES = YES;
				CLANG_WARN_SUSPICIOUS_MOVE = YES;
				CLANG_WARN_UNGUARDED_AVAILABILITY = YES_AGGRESSIVE;
				CLANG_WARN_UNREACHABLE_CODE = YES;
				CLANG_WARN__DUPLICATE_METHOD_MATCH = YES;
				COPY_PHASE_STRIP = NO;
				DEBUG_INFORMATION_FORMAT = "dwarf-with-dsym";
				ENABLE_NS_ASSERTIONS = NO;
				ENABLE_STRICT_OBJC_MSGSEND = YES;
				ENABLE_USER_SCRIPT_SANDBOXING = NO;
				GCC_C_LANGUAGE_STANDARD = gnu17;
				GCC_NO_COMMON_BLOCKS = YES;
				GCC_WARN_64_TO_32_BIT_CONVERSION = YES;
				GCC_WARN_ABOUT_RETURN_TYPE = YES_ERROR;
				GCC_WARN_UNDECLARED_SELECTOR = YES;
				GCC_WARN_UNINITIALIZED_AUTOS = YES_AGGRESSIVE;
				GCC_WARN_UNUSED_FUNCTION = YES;
				GCC_WARN_UNUSED_VARIABLE = YES;
				IPHONEOS_DEPLOYMENT_TARGET = 17.4;
				LOCALIZATION_PREFERS_STRING_CATALOGS = YES;
				MTL_ENABLE_DEBUG_INFO = NO;
				MTL_FAST_MATH = YES;
				SDKROOT = iphoneos;
				SWIFT_COMPILATION_MODE = wholemodule;
				VALIDATE_PRODUCT = YES;
			};
			name = Release;
		};
		1F4A11942BFA324A004025AB /* Debug */ = {
			isa = XCBuildConfiguration;
			baseConfigurationReference = C5955BEC1910F62DD5A9AF2A /* Pods-Bir Esnaf V2.debug.xcconfig */;
			buildSettings = {
				ASSETCATALOG_COMPILER_APPICON_NAME = AppIcon;
				ASSETCATALOG_COMPILER_GLOBAL_ACCENT_COLOR_NAME = AccentColor;
				CODE_SIGN_STYLE = Automatic;
				CURRENT_PROJECT_VERSION = 1;
				DEVELOPMENT_TEAM = CG2DGVAM4V;
				GENERATE_INFOPLIST_FILE = YES;
				INFOPLIST_FILE = "Bir Esnaf V2/Info.plist";
				INFOPLIST_KEY_UIApplicationSupportsIndirectInputEvents = YES;
				INFOPLIST_KEY_UILaunchStoryboardName = LaunchScreen;
				INFOPLIST_KEY_UISupportedInterfaceOrientations_iPad = "UIInterfaceOrientationPortrait UIInterfaceOrientationPortraitUpsideDown UIInterfaceOrientationLandscapeLeft UIInterfaceOrientationLandscapeRight";
				INFOPLIST_KEY_UISupportedInterfaceOrientations_iPhone = "UIInterfaceOrientationPortrait UIInterfaceOrientationLandscapeLeft UIInterfaceOrientationLandscapeRight";
				LD_RUNPATH_SEARCH_PATHS = (
					"$(inherited)",
					"@executable_path/Frameworks",
				);
				MARKETING_VERSION = 1.0;
				PRODUCT_BUNDLE_IDENTIFIER = "seymaArslan.Bir-Esnaf-V2";
				PRODUCT_NAME = "$(TARGET_NAME)";
				SUPPORTED_PLATFORMS = "iphoneos iphonesimulator";
				SUPPORTS_MACCATALYST = NO;
				SUPPORTS_MAC_DESIGNED_FOR_IPHONE_IPAD = NO;
				SUPPORTS_XR_DESIGNED_FOR_IPHONE_IPAD = NO;
				SWIFT_EMIT_LOC_STRINGS = YES;
				SWIFT_VERSION = 5.0;
				TARGETED_DEVICE_FAMILY = 1;
			};
			name = Debug;
		};
		1F4A11952BFA324A004025AB /* Release */ = {
			isa = XCBuildConfiguration;
			baseConfigurationReference = 8ABD50003077D3525D790C63 /* Pods-Bir Esnaf V2.release.xcconfig */;
			buildSettings = {
				ASSETCATALOG_COMPILER_APPICON_NAME = AppIcon;
				ASSETCATALOG_COMPILER_GLOBAL_ACCENT_COLOR_NAME = AccentColor;
				CODE_SIGN_STYLE = Automatic;
				CURRENT_PROJECT_VERSION = 1;
				DEVELOPMENT_TEAM = CG2DGVAM4V;
				GENERATE_INFOPLIST_FILE = YES;
				INFOPLIST_FILE = "Bir Esnaf V2/Info.plist";
				INFOPLIST_KEY_UIApplicationSupportsIndirectInputEvents = YES;
				INFOPLIST_KEY_UILaunchStoryboardName = LaunchScreen;
				INFOPLIST_KEY_UISupportedInterfaceOrientations_iPad = "UIInterfaceOrientationPortrait UIInterfaceOrientationPortraitUpsideDown UIInterfaceOrientationLandscapeLeft UIInterfaceOrientationLandscapeRight";
				INFOPLIST_KEY_UISupportedInterfaceOrientations_iPhone = "UIInterfaceOrientationPortrait UIInterfaceOrientationLandscapeLeft UIInterfaceOrientationLandscapeRight";
				LD_RUNPATH_SEARCH_PATHS = (
					"$(inherited)",
					"@executable_path/Frameworks",
				);
				MARKETING_VERSION = 1.0;
				PRODUCT_BUNDLE_IDENTIFIER = "seymaArslan.Bir-Esnaf-V2";
				PRODUCT_NAME = "$(TARGET_NAME)";
				SUPPORTED_PLATFORMS = "iphoneos iphonesimulator";
				SUPPORTS_MACCATALYST = NO;
				SUPPORTS_MAC_DESIGNED_FOR_IPHONE_IPAD = NO;
				SUPPORTS_XR_DESIGNED_FOR_IPHONE_IPAD = NO;
				SWIFT_EMIT_LOC_STRINGS = YES;
				SWIFT_VERSION = 5.0;
				TARGETED_DEVICE_FAMILY = 1;
			};
			name = Release;
		};
/* End XCBuildConfiguration section */

/* Begin XCConfigurationList section */
		1F4A117A2BFA3249004025AB /* Build configuration list for PBXProject "Bir Esnaf V2" */ = {
			isa = XCConfigurationList;
			buildConfigurations = (
				1F4A11912BFA324A004025AB /* Debug */,
				1F4A11922BFA324A004025AB /* Release */,
			);
			defaultConfigurationIsVisible = 0;
			defaultConfigurationName = Release;
		};
		1F4A11932BFA324A004025AB /* Build configuration list for PBXNativeTarget "Bir Esnaf V2" */ = {
			isa = XCConfigurationList;
			buildConfigurations = (
				1F4A11942BFA324A004025AB /* Debug */,
				1F4A11952BFA324A004025AB /* Release */,
			);
			defaultConfigurationIsVisible = 0;
			defaultConfigurationName = Release;
		};
/* End XCConfigurationList section */
	};
	rootObject = 1F4A11772BFA3249004025AB /* Project object */;
}
